
Microsoft Visual Studio Solution File, Format Version 12.00
# Visual Studio 15
VisualStudioVersion = 15.0.27130.2036
MinimumVisualStudioVersion = 10.0.40219.1
Project("{FAE04EC0-301F-11D3-BF4B-00C04F79EFBC}") = "CHAPIService", "CHAPITest\CHAPIService.csproj", "{00E9503E-DDE5-4F9A-88FA-90FA0056E45D}"
EndProject
Project("{FAE04EC0-301F-11D3-BF4B-00C04F79EFBC}") = "CHAPIService.Tests", "CHAPITest.Tests\CHAPIService.Tests.csproj", "{C15EFD2C-2655-47F2-943D-D793422F8BDA}"
EndProject
Project("{FAE04EC0-301F-11D3-BF4B-00C04F79EFBC}") = "CHAPIClient", "CHAPIClient\CHAPIClient.csproj", "{F1E04CBB-E4FC-4C51-88BC-8F721A6084E3}"
EndProject
Project("{FAE04EC0-301F-11D3-BF4B-00C04F79EFBC}") = "Factory", "Factory\Factory.csproj", "{A2A597D4-79CF-4A79-9DFA-5222BAB40E49}"
EndProject
Global
	GlobalSection(SolutionConfigurationPlatforms) = preSolution
		Debug|Any CPU = Debug|Any CPU
		Release|Any CPU = Release|Any CPU
	EndGlobalSection
	GlobalSection(ProjectConfigurationPlatforms) = postSolution
		{00E9503E-DDE5-4F9A-88FA-90FA0056E45D}.Debug|Any CPU.ActiveCfg = Debug|Any CPU
		{00E9503E-DDE5-4F9A-88FA-90FA0056E45D}.Debug|Any CPU.Build.0 = Debug|Any CPU
		{00E9503E-DDE5-4F9A-88FA-90FA0056E45D}.Release|Any CPU.ActiveCfg = Release|Any CPU
		{00E9503E-DDE5-4F9A-88FA-90FA0056E45D}.Release|Any CPU.Build.0 = Release|Any CPU
		{C15EFD2C-2655-47F2-943D-D793422F8BDA}.Debug|Any CPU.ActiveCfg = Debug|Any CPU
		{C15EFD2C-2655-47F2-943D-D793422F8BDA}.Debug|Any CPU.Build.0 = Debug|Any CPU
		{C15EFD2C-2655-47F2-943D-D793422F8BDA}.Release|Any CPU.ActiveCfg = Release|Any CPU
		{C15EFD2C-2655-47F2-943D-D793422F8BDA}.Release|Any CPU.Build.0 = Release|Any CPU
		{F1E04CBB-E4FC-4C51-88BC-8F721A6084E3}.Debug|Any CPU.ActiveCfg = Debug|Any CPU
		{F1E04CBB-E4FC-4C51-88BC-8F721A6084E3}.Debug|Any CPU.Build.0 = Debug|Any CPU
		{F1E04CBB-E4FC-4C51-88BC-8F721A6084E3}.Release|Any CPU.ActiveCfg = Release|Any CPU
		{F1E04CBB-E4FC-4C51-88BC-8F721A6084E3}.Release|Any CPU.Build.0 = Release|Any CPU
		{A2A597D4-79CF-4A79-9DFA-5222BAB40E49}.Debug|Any CPU.ActiveCfg = Debug|Any CPU
		{A2A597D4-79CF-4A79-9DFA-5222BAB40E49}.Debug|Any CPU.Build.0 = Debug|Any CPU
		{A2A597D4-79CF-4A79-9DFA-5222BAB40E49}.Release|Any CPU.ActiveCfg = Release|Any CPU
		{A2A597D4-79CF-4A79-9DFA-5222BAB40E49}.Release|Any CPU.Build.0 = Release|Any CPU
	EndGlobalSection
	GlobalSection(SolutionProperties) = preSolution
		HideSolutionNode = FALSE
	EndGlobalSection
	GlobalSection(ExtensibilityGlobals) = postSolution
		SolutionGuid = {145E8C30-8159-429B-9210-1B7375AEAB59}
	EndGlobalSection
EndGlobal
